github.com/byuoitav/connpool v0.4.1 h1:pYqy5iEWY18Hwub+q9wuJgzIzRA4263s9UkjQbC0x2k=
github.com/byuoitav/connpool v0.4.1/go.mod h1:9jVn2IL91Wp6eHEymqxZ5v7zPy07FtIWp/JIfDCMGQY=
github.com/byuoitav/visca v0.2.0 h1:rIqP2Qt+DXgRCamiaD5ZXHopuKglvNQrp3rOr+VeevQ=
github.com/byuoitav/visca v0.2.0/go.mod h1:dx6LLs98Bh/eTpohthRRH6lI6+TGQiOKz2gezUPZl1Y=
